
Microsoft Visual Studio Solution File, Format Version 12.00
# Visual Studio Version 17
VisualStudioVersion = 17.3.32819.101
MinimumVisualStudioVersion = 10.0.40219.1
Project("{9A19103F-16F7-4668-BE54-9A1E7A4F7556}") = "LabWork13", "LabWork13.csproj", "{D0294B0D-601B-440D-BEEC-40297C970ADE}"
EndProject
Project("{9A19103F-16F7-4668-BE54-9A1E7A4F7556}") = "MyCollections", "..\MyCollection\MyCollections.csproj", "{AA29FA7A-0AFC-49C7-B179-B3B86D3735CD}"
EndProject
Project("{9A19103F-16F7-4668-BE54-9A1E7A4F7556}") = "AnimalLibrary", "..\AnimalLibrary\AnimalLibrary.csproj", "{F3B0B9EE-A9B1-4A88-A653-068A5F12E1FB}"
EndProject
Project("{FAE04EC0-301F-11D3-BF4B-00C04F79EFBC}") = "ConsoleTools", "..\ConsoleTools\ConsoleTools.csproj", "{028151B6-0504-4136-BC36-54C4190E0745}"
EndProject
Global
	GlobalSection(SolutionConfigurationPlatforms) = preSolution
		Debug|Any CPU = Debug|Any CPU
		Release|Any CPU = Release|Any CPU
	EndGlobalSection
	GlobalSection(ProjectConfigurationPlatforms) = postSolution
		{D0294B0D-601B-440D-BEEC-40297C970ADE}.Debug|Any CPU.ActiveCfg = Debug|Any CPU
		{D0294B0D-601B-440D-BEEC-40297C970ADE}.Debug|Any CPU.Build.0 = Debug|Any CPU
		{D0294B0D-601B-440D-BEEC-40297C970ADE}.Release|Any CPU.ActiveCfg = Release|Any CPU
		{D0294B0D-601B-440D-BEEC-40297C970ADE}.Release|Any CPU.Build.0 = Release|Any CPU
		{AA29FA7A-0AFC-49C7-B179-B3B86D3735CD}.Debug|Any CPU.ActiveCfg = Debug|Any CPU
		{AA29FA7A-0AFC-49C7-B179-B3B86D3735CD}.Debug|Any CPU.Build.0 = Debug|Any CPU
		{AA29FA7A-0AFC-49C7-B179-B3B86D3735CD}.Release|Any CPU.ActiveCfg = Release|Any CPU
		{AA29FA7A-0AFC-49C7-B179-B3B86D3735CD}.Release|Any CPU.Build.0 = Release|Any CPU
		{F3B0B9EE-A9B1-4A88-A653-068A5F12E1FB}.Debug|Any CPU.ActiveCfg = Debug|Any CPU
		{F3B0B9EE-A9B1-4A88-A653-068A5F12E1FB}.Debug|Any CPU.Build.0 = Debug|Any CPU
		{F3B0B9EE-A9B1-4A88-A653-068A5F12E1FB}.Release|Any CPU.ActiveCfg = Release|Any CPU
		{F3B0B9EE-A9B1-4A88-A653-068A5F12E1FB}.Release|Any CPU.Build.0 = Release|Any CPU
		{028151B6-0504-4136-BC36-54C4190E0745}.Debug|Any CPU.ActiveCfg = Debug|Any CPU
		{028151B6-0504-4136-BC36-54C4190E0745}.Debug|Any CPU.Build.0 = Debug|Any CPU
		{028151B6-0504-4136-BC36-54C4190E0745}.Release|Any CPU.ActiveCfg = Release|Any CPU
		{028151B6-0504-4136-BC36-54C4190E0745}.Release|Any CPU.Build.0 = Release|Any CPU
	EndGlobalSection
	GlobalSection(SolutionProperties) = preSolution
		HideSolutionNode = FALSE
	EndGlobalSection
	GlobalSection(ExtensibilityGlobals) = postSolution
		SolutionGuid = {77FF2336-6A82-493F-98A4-968E388BF05B}
	EndGlobalSection
EndGlobal
