
Microsoft Visual Studio Solution File, Format Version 12.00
# Visual Studio Version 17
VisualStudioVersion = 17.3.32819.101
MinimumVisualStudioVersion = 10.0.40219.1
Project("{FAE04EC0-301F-11D3-BF4B-00C04F79EFBC}") = "Lab_Work13", "Lab_Work13.csproj", "{3038EBF2-F55A-4D96-8B46-2F4422B14B79}"
EndProject
Global
	GlobalSection(SolutionConfigurationPlatforms) = preSolution
		Debug|Any CPU = Debug|Any CPU
		Release|Any CPU = Release|Any CPU
	EndGlobalSection
	GlobalSection(ProjectConfigurationPlatforms) = postSolution
		{3038EBF2-F55A-4D96-8B46-2F4422B14B79}.Debug|Any CPU.ActiveCfg = Debug|Any CPU
		{3038EBF2-F55A-4D96-8B46-2F4422B14B79}.Debug|Any CPU.Build.0 = Debug|Any CPU
		{3038EBF2-F55A-4D96-8B46-2F4422B14B79}.Release|Any CPU.ActiveCfg = Release|Any CPU
		{3038EBF2-F55A-4D96-8B46-2F4422B14B79}.Release|Any CPU.Build.0 = Release|Any CPU
	EndGlobalSection
	GlobalSection(SolutionProperties) = preSolution
		HideSolutionNode = FALSE
	EndGlobalSection
	GlobalSection(ExtensibilityGlobals) = postSolution
		SolutionGuid = {50A76C52-E6D3-4590-908B-45BAC753FDC1}
	EndGlobalSection
EndGlobal
